
Microsoft Visual Studio Solution File, Format Version 12.00
# Visual Studio Version 16
VisualStudioVersion = 16.0.32106.194
MinimumVisualStudioVersion = 10.0.40219.1
Project("{FAE04EC0-301F-11D3-BF4B-00C04F79EFBC}") = "InsuranceService", "InsuranceService\InsuranceService.csproj", "{B2C08263-24C1-4D16-889E-1505891EA5EC}"
EndProject
Project("{FAE04EC0-301F-11D3-BF4B-00C04F79EFBC}") = "InsuranceServiceTests", "InsuranceServiceTests\InsuranceServiceTests.csproj", "{54D8D9A4-E3B1-47B0-BCFC-129E1BE2FD76}"
EndProject
Project("{FAE04EC0-301F-11D3-BF4B-00C04F79EFBC}") = "SeleniumAutomator", "SeleniumAutomator\SeleniumAutomator.csproj", "{CE31F521-7803-4A1D-A0E6-37DD9F64392E}"
EndProject
Global
	GlobalSection(SolutionConfigurationPlatforms) = preSolution
		Debug|Any CPU = Debug|Any CPU
		Release|Any CPU = Release|Any CPU
	EndGlobalSection
	GlobalSection(ProjectConfigurationPlatforms) = postSolution
		{B2C08263-24C1-4D16-889E-1505891EA5EC}.Debug|Any CPU.ActiveCfg = Debug|Any CPU
		{B2C08263-24C1-4D16-889E-1505891EA5EC}.Debug|Any CPU.Build.0 = Debug|Any CPU
		{B2C08263-24C1-4D16-889E-1505891EA5EC}.Release|Any CPU.ActiveCfg = Release|Any CPU
		{B2C08263-24C1-4D16-889E-1505891EA5EC}.Release|Any CPU.Build.0 = Release|Any CPU
		{54D8D9A4-E3B1-47B0-BCFC-129E1BE2FD76}.Debug|Any CPU.ActiveCfg = Debug|Any CPU
		{54D8D9A4-E3B1-47B0-BCFC-129E1BE2FD76}.Debug|Any CPU.Build.0 = Debug|Any CPU
		{54D8D9A4-E3B1-47B0-BCFC-129E1BE2FD76}.Release|Any CPU.ActiveCfg = Release|Any CPU
		{54D8D9A4-E3B1-47B0-BCFC-129E1BE2FD76}.Release|Any CPU.Build.0 = Release|Any CPU
		{CE31F521-7803-4A1D-A0E6-37DD9F64392E}.Debug|Any CPU.ActiveCfg = Debug|Any CPU
		{CE31F521-7803-4A1D-A0E6-37DD9F64392E}.Debug|Any CPU.Build.0 = Debug|Any CPU
		{CE31F521-7803-4A1D-A0E6-37DD9F64392E}.Release|Any CPU.ActiveCfg = Release|Any CPU
		{CE31F521-7803-4A1D-A0E6-37DD9F64392E}.Release|Any CPU.Build.0 = Release|Any CPU
	EndGlobalSection
	GlobalSection(SolutionProperties) = preSolution
		HideSolutionNode = FALSE
	EndGlobalSection
	GlobalSection(ExtensibilityGlobals) = postSolution
		SolutionGuid = {30372348-7CF0-4F40-A9BA-F97C0AC23AA6}
	EndGlobalSection
EndGlobal
